
Microsoft Visual Studio Solution File, Format Version 12.00
# Visual Studio 15
VisualStudioVersion = 15.0.28307.421
MinimumVisualStudioVersion = 10.0.40219.1
Project("{8BC9CEB8-8B4A-11D0-8D11-00A0C91BC942}") = "InitDirect3D", "build\InitDirect3D\InitDirect3D.vcxproj", "{79B13EE5-3192-417E-AA6D-4575C37025B0}"
EndProject
Project("{8BC9CEB8-8B4A-11D0-8D11-00A0C91BC942}") = "DrawBox", "build\DrawBox\DrawBox.vcxproj", "{08C10188-CD3E-4075-B32F-25CB4C03412C}"
EndProject
Project("{8BC9CEB8-8B4A-11D0-8D11-00A0C91BC942}") = "DX12Game", "build\DX12Game\DX12Game.vcxproj", "{622B99DB-52D9-43B3-8EC5-B4B00E87B926}"
EndProject
Project("{8BC9CEB8-8B4A-11D0-8D11-00A0C91BC942}") = "DrawShapes", "build\DrawShapes\DrawShapes.vcxproj", "{B8C6A928-F6DB-4E11-9D88-06458B794679}"
EndProject
Project("{8BC9CEB8-8B4A-11D0-8D11-00A0C91BC942}") = "LandandWaves", "build\LandandWaves\LandandWaves.vcxproj", "{4DA2F2F9-6F6A-4204-9ACA-175C5A22415E}"
EndProject
Project("{8BC9CEB8-8B4A-11D0-8D11-00A0C91BC942}") = "LitWaves", "build\LitWaves\LitWaves.vcxproj", "{829FEDD2-90B0-4416-A947-5764413532BC}"
EndProject
Project("{8BC9CEB8-8B4A-11D0-8D11-00A0C91BC942}") = "Crate", "build\Crate\Crate.vcxproj", "{87CF82D1-C2DF-4151-AA22-57EF75E49355}"
EndProject
Project("{8BC9CEB8-8B4A-11D0-8D11-00A0C91BC942}") = "TexWaves", "build\TexWaves\TexWaves.vcxproj", "{6876967D-06B9-488D-B8E2-F8E24366EA46}"
EndProject
Project("{8BC9CEB8-8B4A-11D0-8D11-00A0C91BC942}") = "BlendDemo", "build\BlendDemo\BlendDemo.vcxproj", "{C0D1B465-255F-48A6-A550-45604E96AA2A}"
EndProject
Project("{8BC9CEB8-8B4A-11D0-8D11-00A0C91BC942}") = "StencilDemo", "build\StencilDemo\StencilDemo.vcxproj", "{407823F0-C7D6-4B56-ACC4-85703D0CA8C7}"
EndProject
Project("{8BC9CEB8-8B4A-11D0-8D11-00A0C91BC942}") = "TreeBillboards", "build\TreeBillboards\TreeBillboards.vcxproj", "{A42384E6-3D96-475C-B788-2BCD44F22D10}"
EndProject
Project("{8BC9CEB8-8B4A-11D0-8D11-00A0C91BC942}") = "Blur", "build\Blur\Blur.vcxproj", "{8B5A4851-4463-4A91-99A2-B17017B452F5}"
EndProject
Project("{8BC9CEB8-8B4A-11D0-8D11-00A0C91BC942}") = "Tesscellation", "build\Tesscellation\Tesscellation.vcxproj", "{86DD1055-2CED-4EFC-9D8E-B01366C6F8A2}"
EndProject
Project("{8BC9CEB8-8B4A-11D0-8D11-00A0C91BC942}") = "CameraAndDynamicIndexing", "build\CameraAndDynamicIndexing\CameraAndDynamicIndexing.vcxproj", "{5CB44A02-C181-46BB-AED5-93E5229A5832}"
EndProject
Project("{8BC9CEB8-8B4A-11D0-8D11-00A0C91BC942}") = "InstancingAndCulling", "build\InstancingAndCulling\InstancingAndCulling.vcxproj", "{FCCFB880-85BF-40E7-82DC-19110B7C8B4C}"
EndProject
Project("{8BC9CEB8-8B4A-11D0-8D11-00A0C91BC942}") = "Picking", "build\Picking\Picking.vcxproj", "{F310DCD2-EAE9-4F80-B16F-C7D52E94E223}"
EndProject
Project("{8BC9CEB8-8B4A-11D0-8D11-00A0C91BC942}") = "CubeMap", "build\CubeMap\CubeMap.vcxproj", "{61D19566-9F92-4A2D-9416-B16DB75E600D}"
EndProject
Project("{8BC9CEB8-8B4A-11D0-8D11-00A0C91BC942}") = "DynamicCube", "build\DynamicCube\DynamicCube.vcxproj", "{18AF0BDF-5E04-458A-8A3E-18698C593698}"
EndProject
Project("{8BC9CEB8-8B4A-11D0-8D11-00A0C91BC942}") = "NormalMap", "build\NormalMap\NormalMap.vcxproj", "{0DB621C0-7F99-4537-848E-D7F2D7C04D1D}"
EndProject
Project("{8BC9CEB8-8B4A-11D0-8D11-00A0C91BC942}") = "Shadows", "build\Shadows\Shadows.vcxproj", "{8021DA16-8429-4DA9-8B69-16F3E9F9CDD4}"
EndProject
Project("{8BC9CEB8-8B4A-11D0-8D11-00A0C91BC942}") = "Ssao", "build\Ssao\Ssao.vcxproj", "{7ABBA236-DFB9-4F43-A104-FE93726CE014}"
EndProject
Project("{8BC9CEB8-8B4A-11D0-8D11-00A0C91BC942}") = "QuatDemo", "build\QuatDemo\QuatDemo.vcxproj", "{6119F6AD-0235-4542-BD46-CB2B001B945F}"
EndProject
Project("{8BC9CEB8-8B4A-11D0-8D11-00A0C91BC942}") = "SkinnedMesh", "build\SkinnedMesh\SkinnedMesh.vcxproj", "{B50FB849-DDD0-4199-9E58-1B9B4A2D32A2}"
EndProject
Global
	GlobalSection(Performance) = preSolution
		HasPerformanceSessions = true
	EndGlobalSection
	GlobalSection(SolutionConfigurationPlatforms) = preSolution
		Debug|x64 = Debug|x64
		Debug|x86 = Debug|x86
		Release|x64 = Release|x64
		Release|x86 = Release|x86
	EndGlobalSection
	GlobalSection(ProjectConfigurationPlatforms) = postSolution
		{79B13EE5-3192-417E-AA6D-4575C37025B0}.Debug|x64.ActiveCfg = Debug|x64
		{79B13EE5-3192-417E-AA6D-4575C37025B0}.Debug|x64.Build.0 = Debug|x64
		{79B13EE5-3192-417E-AA6D-4575C37025B0}.Debug|x86.ActiveCfg = Debug|Win32
		{79B13EE5-3192-417E-AA6D-4575C37025B0}.Debug|x86.Build.0 = Debug|Win32
		{79B13EE5-3192-417E-AA6D-4575C37025B0}.Release|x64.ActiveCfg = Release|x64
		{79B13EE5-3192-417E-AA6D-4575C37025B0}.Release|x64.Build.0 = Release|x64
		{79B13EE5-3192-417E-AA6D-4575C37025B0}.Release|x86.ActiveCfg = Release|Win32
		{79B13EE5-3192-417E-AA6D-4575C37025B0}.Release|x86.Build.0 = Release|Win32
		{08C10188-CD3E-4075-B32F-25CB4C03412C}.Debug|x64.ActiveCfg = Debug|x64
		{08C10188-CD3E-4075-B32F-25CB4C03412C}.Debug|x64.Build.0 = Debug|x64
		{08C10188-CD3E-4075-B32F-25CB4C03412C}.Debug|x86.ActiveCfg = Debug|Win32
		{08C10188-CD3E-4075-B32F-25CB4C03412C}.Debug|x86.Build.0 = Debug|Win32
		{08C10188-CD3E-4075-B32F-25CB4C03412C}.Release|x64.ActiveCfg = Release|x64
		{08C10188-CD3E-4075-B32F-25CB4C03412C}.Release|x64.Build.0 = Release|x64
		{08C10188-CD3E-4075-B32F-25CB4C03412C}.Release|x86.ActiveCfg = Release|Win32
		{08C10188-CD3E-4075-B32F-25CB4C03412C}.Release|x86.Build.0 = Release|Win32
		{622B99DB-52D9-43B3-8EC5-B4B00E87B926}.Debug|x64.ActiveCfg = Debug|x64
		{622B99DB-52D9-43B3-8EC5-B4B00E87B926}.Debug|x64.Build.0 = Debug|x64
		{622B99DB-52D9-43B3-8EC5-B4B00E87B926}.Debug|x86.ActiveCfg = Debug|Win32
		{622B99DB-52D9-43B3-8EC5-B4B00E87B926}.Debug|x86.Build.0 = Debug|Win32
		{622B99DB-52D9-43B3-8EC5-B4B00E87B926}.Release|x64.ActiveCfg = Release|x64
		{622B99DB-52D9-43B3-8EC5-B4B00E87B926}.Release|x64.Build.0 = Release|x64
		{622B99DB-52D9-43B3-8EC5-B4B00E87B926}.Release|x86.ActiveCfg = Release|Win32
		{622B99DB-52D9-43B3-8EC5-B4B00E87B926}.Release|x86.Build.0 = Release|Win32
		{B8C6A928-F6DB-4E11-9D88-06458B794679}.Debug|x64.ActiveCfg = Debug|x64
		{B8C6A928-F6DB-4E11-9D88-06458B794679}.Debug|x64.Build.0 = Debug|x64
		{B8C6A928-F6DB-4E11-9D88-06458B794679}.Debug|x86.ActiveCfg = Debug|Win32
		{B8C6A928-F6DB-4E11-9D88-06458B794679}.Debug|x86.Build.0 = Debug|Win32
		{B8C6A928-F6DB-4E11-9D88-06458B794679}.Release|x64.ActiveCfg = Release|x64
		{B8C6A928-F6DB-4E11-9D88-06458B794679}.Release|x64.Build.0 = Release|x64
		{B8C6A928-F6DB-4E11-9D88-06458B794679}.Release|x86.ActiveCfg = Release|Win32
		{B8C6A928-F6DB-4E11-9D88-06458B794679}.Release|x86.Build.0 = Release|Win32
		{4DA2F2F9-6F6A-4204-9ACA-175C5A22415E}.Debug|x64.ActiveCfg = Debug|x64
		{4DA2F2F9-6F6A-4204-9ACA-175C5A22415E}.Debug|x64.Build.0 = Debug|x64
		{4DA2F2F9-6F6A-4204-9ACA-175C5A22415E}.Debug|x86.ActiveCfg = Debug|Win32
		{4DA2F2F9-6F6A-4204-9ACA-175C5A22415E}.Debug|x86.Build.0 = Debug|Win32
		{4DA2F2F9-6F6A-4204-9ACA-175C5A22415E}.Release|x64.ActiveCfg = Release|x64
		{4DA2F2F9-6F6A-4204-9ACA-175C5A22415E}.Release|x64.Build.0 = Release|x64
		{4DA2F2F9-6F6A-4204-9ACA-175C5A22415E}.Release|x86.ActiveCfg = Release|Win32
		{4DA2F2F9-6F6A-4204-9ACA-175C5A22415E}.Release|x86.Build.0 = Release|Win32
		{829FEDD2-90B0-4416-A947-5764413532BC}.Debug|x64.ActiveCfg = Debug|x64
		{829FEDD2-90B0-4416-A947-5764413532BC}.Debug|x64.Build.0 = Debug|x64
		{829FEDD2-90B0-4416-A947-5764413532BC}.Debug|x86.ActiveCfg = Debug|Win32
		{829FEDD2-90B0-4416-A947-5764413532BC}.Debug|x86.Build.0 = Debug|Win32
		{829FEDD2-90B0-4416-A947-5764413532BC}.Release|x64.ActiveCfg = Release|x64
		{829FEDD2-90B0-4416-A947-5764413532BC}.Release|x64.Build.0 = Release|x64
		{829FEDD2-90B0-4416-A947-5764413532BC}.Release|x86.ActiveCfg = Release|Win32
		{829FEDD2-90B0-4416-A947-5764413532BC}.Release|x86.Build.0 = Release|Win32
		{87CF82D1-C2DF-4151-AA22-57EF75E49355}.Debug|x64.ActiveCfg = Debug|x64
		{87CF82D1-C2DF-4151-AA22-57EF75E49355}.Debug|x64.Build.0 = Debug|x64
		{87CF82D1-C2DF-4151-AA22-57EF75E49355}.Debug|x86.ActiveCfg = Debug|Win32
		{87CF82D1-C2DF-4151-AA22-57EF75E49355}.Debug|x86.Build.0 = Debug|Win32
		{87CF82D1-C2DF-4151-AA22-57EF75E49355}.Release|x64.ActiveCfg = Release|x64
		{87CF82D1-C2DF-4151-AA22-57EF75E49355}.Release|x64.Build.0 = Release|x64
		{87CF82D1-C2DF-4151-AA22-57EF75E49355}.Release|x86.ActiveCfg = Release|Win32
		{87CF82D1-C2DF-4151-AA22-57EF75E49355}.Release|x86.Build.0 = Release|Win32
		{6876967D-06B9-488D-B8E2-F8E24366EA46}.Debug|x64.ActiveCfg = Debug|x64
		{6876967D-06B9-488D-B8E2-F8E24366EA46}.Debug|x64.Build.0 = Debug|x64
		{6876967D-06B9-488D-B8E2-F8E24366EA46}.Debug|x86.ActiveCfg = Debug|Win32
		{6876967D-06B9-488D-B8E2-F8E24366EA46}.Debug|x86.Build.0 = Debug|Win32
		{6876967D-06B9-488D-B8E2-F8E24366EA46}.Release|x64.ActiveCfg = Release|x64
		{6876967D-06B9-488D-B8E2-F8E24366EA46}.Release|x64.Build.0 = Release|x64
		{6876967D-06B9-488D-B8E2-F8E24366EA46}.Release|x86.ActiveCfg = Release|Win32
		{6876967D-06B9-488D-B8E2-F8E24366EA46}.Release|x86.Build.0 = Release|Win32
		{C0D1B465-255F-48A6-A550-45604E96AA2A}.Debug|x64.ActiveCfg = Debug|x64
		{C0D1B465-255F-48A6-A550-45604E96AA2A}.Debug|x64.Build.0 = Debug|x64
		{C0D1B465-255F-48A6-A550-45604E96AA2A}.Debug|x86.ActiveCfg = Debug|Win32
		{C0D1B465-255F-48A6-A550-45604E96AA2A}.Debug|x86.Build.0 = Debug|Win32
		{C0D1B465-255F-48A6-A550-45604E96AA2A}.Release|x64.ActiveCfg = Release|x64
		{C0D1B465-255F-48A6-A550-45604E96AA2A}.Release|x64.Build.0 = Release|x64
		{C0D1B465-255F-48A6-A550-45604E96AA2A}.Release|x86.ActiveCfg = Release|Win32
		{C0D1B465-255F-48A6-A550-45604E96AA2A}.Release|x86.Build.0 = Release|Win32
		{407823F0-C7D6-4B56-ACC4-85703D0CA8C7}.Debug|x64.ActiveCfg = Debug|x64
		{407823F0-C7D6-4B56-ACC4-85703D0CA8C7}.Debug|x64.Build.0 = Debug|x64
		{407823F0-C7D6-4B56-ACC4-85703D0CA8C7}.Debug|x86.ActiveCfg = Debug|Win32
		{407823F0-C7D6-4B56-ACC4-85703D0CA8C7}.Debug|x86.Build.0 = Debug|Win32
		{407823F0-C7D6-4B56-ACC4-85703D0CA8C7}.Release|x64.ActiveCfg = Release|x64
		{407823F0-C7D6-4B56-ACC4-85703D0CA8C7}.Release|x64.Build.0 = Release|x64
		{407823F0-C7D6-4B56-ACC4-85703D0CA8C7}.Release|x86.ActiveCfg = Release|Win32
		{407823F0-C7D6-4B56-ACC4-85703D0CA8C7}.Release|x86.Build.0 = Release|Win32
		{A42384E6-3D96-475C-B788-2BCD44F22D10}.Debug|x64.ActiveCfg = Debug|x64
		{A42384E6-3D96-475C-B788-2BCD44F22D10}.Debug|x64.Build.0 = Debug|x64
		{A42384E6-3D96-475C-B788-2BCD44F22D10}.Debug|x86.ActiveCfg = Debug|Win32
		{A42384E6-3D96-475C-B788-2BCD44F22D10}.Debug|x86.Build.0 = Debug|Win32
		{A42384E6-3D96-475C-B788-2BCD44F22D10}.Release|x64.ActiveCfg = Release|x64
		{A42384E6-3D96-475C-B788-2BCD44F22D10}.Release|x64.Build.0 = Release|x64
		{A42384E6-3D96-475C-B788-2BCD44F22D10}.Release|x86.ActiveCfg = Release|Win32
		{A42384E6-3D96-475C-B788-2BCD44F22D10}.Release|x86.Build.0 = Release|Win32
		{8B5A4851-4463-4A91-99A2-B17017B452F5}.Debug|x64.ActiveCfg = Debug|x64
		{8B5A4851-4463-4A91-99A2-B17017B452F5}.Debug|x64.Build.0 = Debug|x64
		{8B5A4851-4463-4A91-99A2-B17017B452F5}.Debug|x86.ActiveCfg = Debug|Win32
		{8B5A4851-4463-4A91-99A2-B17017B452F5}.Debug|x86.Build.0 = Debug|Win32
		{8B5A4851-4463-4A91-99A2-B17017B452F5}.Release|x64.ActiveCfg = Release|x64
		{8B5A4851-4463-4A91-99A2-B17017B452F5}.Release|x64.Build.0 = Release|x64
		{8B5A4851-4463-4A91-99A2-B17017B452F5}.Release|x86.ActiveCfg = Release|Win32
		{8B5A4851-4463-4A91-99A2-B17017B452F5}.Release|x86.Build.0 = Release|Win32
		{86DD1055-2CED-4EFC-9D8E-B01366C6F8A2}.Debug|x64.ActiveCfg = Debug|x64
		{86DD1055-2CED-4EFC-9D8E-B01366C6F8A2}.Debug|x64.Build.0 = Debug|x64
		{86DD1055-2CED-4EFC-9D8E-B01366C6F8A2}.Debug|x86.ActiveCfg = Debug|Win32
		{86DD1055-2CED-4EFC-9D8E-B01366C6F8A2}.Debug|x86.Build.0 = Debug|Win32
		{86DD1055-2CED-4EFC-9D8E-B01366C6F8A2}.Release|x64.ActiveCfg = Release|x64
		{86DD1055-2CED-4EFC-9D8E-B01366C6F8A2}.Release|x64.Build.0 = Release|x64
		{86DD1055-2CED-4EFC-9D8E-B01366C6F8A2}.Release|x86.ActiveCfg = Release|Win32
		{86DD1055-2CED-4EFC-9D8E-B01366C6F8A2}.Release|x86.Build.0 = Release|Win32
		{5CB44A02-C181-46BB-AED5-93E5229A5832}.Debug|x64.ActiveCfg = Debug|x64
		{5CB44A02-C181-46BB-AED5-93E5229A5832}.Debug|x64.Build.0 = Debug|x64
		{5CB44A02-C181-46BB-AED5-93E5229A5832}.Debug|x86.ActiveCfg = Debug|Win32
		{5CB44A02-C181-46BB-AED5-93E5229A5832}.Debug|x86.Build.0 = Debug|Win32
		{5CB44A02-C181-46BB-AED5-93E5229A5832}.Release|x64.ActiveCfg = Release|x64
		{5CB44A02-C181-46BB-AED5-93E5229A5832}.Release|x64.Build.0 = Release|x64
		{5CB44A02-C181-46BB-AED5-93E5229A5832}.Release|x86.ActiveCfg = Release|Win32
		{5CB44A02-C181-46BB-AED5-93E5229A5832}.Release|x86.Build.0 = Release|Win32
		{FCCFB880-85BF-40E7-82DC-19110B7C8B4C}.Debug|x64.ActiveCfg = Debug|x64
		{FCCFB880-85BF-40E7-82DC-19110B7C8B4C}.Debug|x64.Build.0 = Debug|x64
		{FCCFB880-85BF-40E7-82DC-19110B7C8B4C}.Debug|x86.ActiveCfg = Debug|Win32
		{FCCFB880-85BF-40E7-82DC-19110B7C8B4C}.Debug|x86.Build.0 = Debug|Win32
		{FCCFB880-85BF-40E7-82DC-19110B7C8B4C}.Release|x64.ActiveCfg = Release|x64
		{FCCFB880-85BF-40E7-82DC-19110B7C8B4C}.Release|x64.Build.0 = Release|x64
		{FCCFB880-85BF-40E7-82DC-19110B7C8B4C}.Release|x86.ActiveCfg = Release|Win32
		{FCCFB880-85BF-40E7-82DC-19110B7C8B4C}.Release|x86.Build.0 = Release|Win32
		{F310DCD2-EAE9-4F80-B16F-C7D52E94E223}.Debug|x64.ActiveCfg = Debug|x64
		{F310DCD2-EAE9-4F80-B16F-C7D52E94E223}.Debug|x64.Build.0 = Debug|x64
		{F310DCD2-EAE9-4F80-B16F-C7D52E94E223}.Debug|x86.ActiveCfg = Debug|Win32
		{F310DCD2-EAE9-4F80-B16F-C7D52E94E223}.Debug|x86.Build.0 = Debug|Win32
		{F310DCD2-EAE9-4F80-B16F-C7D52E94E223}.Release|x64.ActiveCfg = Release|x64
		{F310DCD2-EAE9-4F80-B16F-C7D52E94E223}.Release|x64.Build.0 = Release|x64
		{F310DCD2-EAE9-4F80-B16F-C7D52E94E223}.Release|x86.ActiveCfg = Release|Win32
		{F310DCD2-EAE9-4F80-B16F-C7D52E94E223}.Release|x86.Build.0 = Release|Win32
		{61D19566-9F92-4A2D-9416-B16DB75E600D}.Debug|x64.ActiveCfg = Debug|x64
		{61D19566-9F92-4A2D-9416-B16DB75E600D}.Debug|x64.Build.0 = Debug|x64
		{61D19566-9F92-4A2D-9416-B16DB75E600D}.Debug|x86.ActiveCfg = Debug|Win32
		{61D19566-9F92-4A2D-9416-B16DB75E600D}.Debug|x86.Build.0 = Debug|Win32
		{61D19566-9F92-4A2D-9416-B16DB75E600D}.Release|x64.ActiveCfg = Release|x64
		{61D19566-9F92-4A2D-9416-B16DB75E600D}.Release|x64.Build.0 = Release|x64
		{61D19566-9F92-4A2D-9416-B16DB75E600D}.Release|x86.ActiveCfg = Release|Win32
		{61D19566-9F92-4A2D-9416-B16DB75E600D}.Release|x86.Build.0 = Release|Win32
		{18AF0BDF-5E04-458A-8A3E-18698C593698}.Debug|x64.ActiveCfg = Debug|x64
		{18AF0BDF-5E04-458A-8A3E-18698C593698}.Debug|x64.Build.0 = Debug|x64
		{18AF0BDF-5E04-458A-8A3E-18698C593698}.Debug|x86.ActiveCfg = Debug|Win32
		{18AF0BDF-5E04-458A-8A3E-18698C593698}.Debug|x86.Build.0 = Debug|Win32
		{18AF0BDF-5E04-458A-8A3E-18698C593698}.Release|x64.ActiveCfg = Release|x64
		{18AF0BDF-5E04-458A-8A3E-18698C593698}.Release|x64.Build.0 = Release|x64
		{18AF0BDF-5E04-458A-8A3E-18698C593698}.Release|x86.ActiveCfg = Release|Win32
		{18AF0BDF-5E04-458A-8A3E-18698C593698}.Release|x86.Build.0 = Release|Win32
		{0DB621C0-7F99-4537-848E-D7F2D7C04D1D}.Debug|x64.ActiveCfg = Debug|x64
		{0DB621C0-7F99-4537-848E-D7F2D7C04D1D}.Debug|x64.Build.0 = Debug|x64
		{0DB621C0-7F99-4537-848E-D7F2D7C04D1D}.Debug|x86.ActiveCfg = Debug|Win32
		{0DB621C0-7F99-4537-848E-D7F2D7C04D1D}.Debug|x86.Build.0 = Debug|Win32
		{0DB621C0-7F99-4537-848E-D7F2D7C04D1D}.Release|x64.ActiveCfg = Release|x64
		{0DB621C0-7F99-4537-848E-D7F2D7C04D1D}.Release|x64.Build.0 = Release|x64
		{0DB621C0-7F99-4537-848E-D7F2D7C04D1D}.Release|x86.ActiveCfg = Release|Win32
		{0DB621C0-7F99-4537-848E-D7F2D7C04D1D}.Release|x86.Build.0 = Release|Win32
		{8021DA16-8429-4DA9-8B69-16F3E9F9CDD4}.Debug|x64.ActiveCfg = Debug|x64
		{8021DA16-8429-4DA9-8B69-16F3E9F9CDD4}.Debug|x64.Build.0 = Debug|x64
		{8021DA16-8429-4DA9-8B69-16F3E9F9CDD4}.Debug|x86.ActiveCfg = Debug|Win32
		{8021DA16-8429-4DA9-8B69-16F3E9F9CDD4}.Debug|x86.Build.0 = Debug|Win32
		{8021DA16-8429-4DA9-8B69-16F3E9F9CDD4}.Release|x64.ActiveCfg = Release|x64
		{8021DA16-8429-4DA9-8B69-16F3E9F9CDD4}.Release|x64.Build.0 = Release|x64
		{8021DA16-8429-4DA9-8B69-16F3E9F9CDD4}.Release|x86.ActiveCfg = Release|Win32
		{8021DA16-8429-4DA9-8B69-16F3E9F9CDD4}.Release|x86.Build.0 = Release|Win32
		{7ABBA236-DFB9-4F43-A104-FE93726CE014}.Debug|x64.ActiveCfg = Debug|x64
		{7ABBA236-DFB9-4F43-A104-FE93726CE014}.Debug|x64.Build.0 = Debug|x64
		{7ABBA236-DFB9-4F43-A104-FE93726CE014}.Debug|x86.ActiveCfg = Debug|Win32
		{7ABBA236-DFB9-4F43-A104-FE93726CE014}.Debug|x86.Build.0 = Debug|Win32
		{7ABBA236-DFB9-4F43-A104-FE93726CE014}.Release|x64.ActiveCfg = Release|x64
		{7ABBA236-DFB9-4F43-A104-FE93726CE014}.Release|x64.Build.0 = Release|x64
		{7ABBA236-DFB9-4F43-A104-FE93726CE014}.Release|x86.ActiveCfg = Release|Win32
		{7ABBA236-DFB9-4F43-A104-FE93726CE014}.Release|x86.Build.0 = Release|Win32
		{6119F6AD-0235-4542-BD46-CB2B001B945F}.Debug|x64.ActiveCfg = Debug|x64
		{6119F6AD-0235-4542-BD46-CB2B001B945F}.Debug|x64.Build.0 = Debug|x64
		{6119F6AD-0235-4542-BD46-CB2B001B945F}.Debug|x86.ActiveCfg = Debug|Win32
		{6119F6AD-0235-4542-BD46-CB2B001B945F}.Debug|x86.Build.0 = Debug|Win32
		{6119F6AD-0235-4542-BD46-CB2B001B945F}.Release|x64.ActiveCfg = Release|x64
		{6119F6AD-0235-4542-BD46-CB2B001B945F}.Release|x64.Build.0 = Release|x64
		{6119F6AD-0235-4542-BD46-CB2B001B945F}.Release|x86.ActiveCfg = Release|Win32
		{6119F6AD-0235-4542-BD46-CB2B001B945F}.Release|x86.Build.0 = Release|Win32
		{B50FB849-DDD0-4199-9E58-1B9B4A2D32A2}.Debug|x64.ActiveCfg = Debug|x64
		{B50FB849-DDD0-4199-9E58-1B9B4A2D32A2}.Debug|x64.Build.0 = Debug|x64
		{B50FB849-DDD0-4199-9E58-1B9B4A2D32A2}.Debug|x86.ActiveCfg = Debug|Win32
		{B50FB849-DDD0-4199-9E58-1B9B4A2D32A2}.Debug|x86.Build.0 = Debug|Win32
		{B50FB849-DDD0-4199-9E58-1B9B4A2D32A2}.Release|x64.ActiveCfg = Release|x64
		{B50FB849-DDD0-4199-9E58-1B9B4A2D32A2}.Release|x64.Build.0 = Release|x64
		{B50FB849-DDD0-4199-9E58-1B9B4A2D32A2}.Release|x86.ActiveCfg = Release|Win32
		{B50FB849-DDD0-4199-9E58-1B9B4A2D32A2}.Release|x86.Build.0 = Release|Win32
	EndGlobalSection
	GlobalSection(SolutionProperties) = preSolution
		HideSolutionNode = FALSE
	EndGlobalSection
	GlobalSection(ExtensibilityGlobals) = postSolution
		SolutionGuid = {5AD712BD-1991-4827-9F9B-6F027DCAF5F2}
	EndGlobalSection
EndGlobal
